<?xml version="1.0" encoding="UTF-8" standalone="yes" ?>
<CodeBlocks_project_file>
	<FileVersion major="1" minor="6" />
	<Project>
		<Option title="daBox" />
		<Option pch_mode="2" />
		<Option compiler="gcc" />
		<Build>
			<Target title="Debug">
				<Option output="bin/Debug/daBox" prefix_auto="1" extension_auto="1" />
				<Option object_output="obj/Debug/" />
				<Option type="1" />
				<Option compiler="gcc" />
				<Compiler>
					<Add option="-g" />
				</Compiler>
			</Target>
			<Target title="Release">
				<Option output="bin/Release/daBox" prefix_auto="1" extension_auto="1" />
				<Option object_output="obj/Release/" />
				<Option type="0" />
				<Option compiler="gcc" />
				<Compiler>
					<Add option="-O2" />
				</Compiler>
				<Linker>
					<Add option="-s" />
				</Linker>
			</Target>
		</Build>
		<Compiler>
			<Add option="-Wall" />
		</Compiler>
		<Unit filename="BlastLogic.cpp" />
		<Unit filename="BlastLogic.h" />
		<Unit filename="BoxLogic.cpp" />
		<Unit filename="BoxLogic.h" />
		<Unit filename="EnemyLogic.cpp" />
		<Unit filename="EnemyLogic.h" />
		<Unit filename="GameVariables.h" />
		<Unit filename="GlobalConstants.h" />
		<Unit filename="MissileLogic.cpp" />
		<Unit filename="MissileLogic.h" />
		<Unit filename="coreState.cpp" />
		<Unit filename="daBox.cpp" />
		<Unit filename="stateFunctions.h" />
		<Extensions>
			<code_completion />
			<envvars />
			<debugger />
			<lib_finder disable_auto="1" />
		</Extensions>
	</Project>
</CodeBlocks_project_file>
